// !$*UTF8*$!
{
	archiveVersion = 1;
	classes = {
	};
	objectVersion = 48;
	objects = {

/* Begin PBXBuildFile section */
		F5269B8020C0C8AA005AA428 /* AppDelegate.swift in Sources */ = {isa = PBXBuildFile; fileRef = F5269B7F20C0C8AA005AA428 /* AppDelegate.swift */; };
		F5269B8220C0C8AA005AA428 /* ViewController.swift in Sources */ = {isa = PBXBuildFile; fileRef = F5269B8120C0C8AA005AA428 /* ViewController.swift */; };
		F5269B8520C0C8AA005AA428 /* Main.storyboard in Resources */ = {isa = PBXBuildFile; fileRef = F5269B8320C0C8AA005AA428 /* Main.storyboard */; };
		F5269B8720C0C8AA005AA428 /* Assets.xcassets in Resources */ = {isa = PBXBuildFile; fileRef = F5269B8620C0C8AA005AA428 /* Assets.xcassets */; };
		F5269B8A20C0C8AA005AA428 /* LaunchScreen.storyboard in Resources */ = {isa = PBXBuildFile; fileRef = F5269B8820C0C8AA005AA428 /* LaunchScreen.storyboard */; };
/* End PBXBuildFile section */

/* Begin PBXFileReference section */
		F5269B7C20C0C8AA005AA428 /* 5G-Hackathon.app */ = {isa = PBXFileReference; explicitFileType = wrapper.application; includeInIndex = 0; path = "5G-Hackathon.app"; sourceTree = BUILT_PRODUCTS_DIR; };
		F5269B7F20C0C8AA005AA428 /* AppDelegate.swift */ = {isa = PBXFileReference; lastKnownFileType = sourcecode.swift; path = AppDelegate.swift; sourceTree = "<group>"; };
		F5269B8120C0C8AA005AA428 /* ViewController.swift */ = {isa = PBXFileReference; lastKnownFileType = sourcecode.swift; path = ViewController.swift; sourceTree = "<group>"; };
		F5269B8420C0C8AA005AA428 /* Base */ = {isa = PBXFileReference; lastKnownFileType = file.storyboard; name = Base; path = Base.lproj/Main.storyboard; sourceTree = "<group>"; };
		F5269B8620C0C8AA005AA428 /* Assets.xcassets */ = {isa = PBXFileReference; lastKnownFileType = folder.assetcatalog; path = Assets.xcassets; sourceTree = "<group>"; };
		F5269B8920C0C8AA005AA428 /* Base */ = {isa = PBXFileReference; lastKnownFileType = file.storyboard; name = Base; path = Base.lproj/LaunchScreen.storyboard; sourceTree = "<group>"; };
		F5269B8B20C0C8AA005AA428 /* Info.plist */ = {isa = PBXFileReference; lastKnownFileType = text.plist.xml; path = Info.plist; sourceTree = "<group>"; };
/* End PBXFileReference section */

/* Begin PBXFrameworksBuildPhase section */
		F5269B7920C0C8AA005AA428 /* Frameworks */ = {
			isa = PBXFrameworksBuildPhase;
			buildActionMask = 2147483647;
			files = (
			);
			runOnlyForDeploymentPostprocessing = 0;
		};
/* End PBXFrameworksBuildPhase section */

/* Begin PBXGroup section */
		F5269B7320C0C8AA005AA428 = {
			isa = PBXGroup;
			children = (
				F5269B7E20C0C8AA005AA428 /* 5G-Hackathon */,
				F5269B7D20C0C8AA005AA428 /* Products */,
			);
			sourceTree = "<group>";
		};
		F5269B7D20C0C8AA005AA428 /* Products */ = {
			isa = PBXGroup;
			children = (
				F5269B7C20C0C8AA005AA428 /* 5G-Hackathon.app */,
			);
			name = Products;
			sourceTree = "<group>";
		};
		F5269B7E20C0C8AA005AA428 /* 5G-Hackathon */ = {
			isa = PBXGroup;
			children = (
				F5269B7F20C0C8AA005AA428 /* AppDelegate.swift */,
				F5269B8120C0C8AA005AA428 /* ViewController.swift */,
				F5269B8320C0C8AA005AA428 /* Main.storyboard */,
				F5269B8620C0C8AA005AA428 /* Assets.xcassets */,
				F5269B8820C0C8AA005AA428 /* LaunchScreen.storyboard */,
				F5269B8B20C0C8AA005AA428 /* Info.plist */,
			);
			path = "5G-Hackathon";
			sourceTree = "<group>";
		};
/* End PBXGroup section */

/* Begin PBXNativeTarget section */
		F5269B7B20C0C8AA005AA428 /* 5G-Hackathon */ = {
			isa = PBXNativeTarget;
			buildConfigurationList = F5269B8E20C0C8AA005AA428 /* Build configuration list for PBXNativeTarget "5G-Hackathon" */;
			buildPhases = (
				F5269B7820C0C8AA005AA428 /* Sources */,
				F5269B7920C0C8AA005AA428 /* Frameworks */,
				F5269B7A20C0C8AA005AA428 /* Resources */,
			);
			buildRules = (
			);
			dependencies = (
			);
			name = "5G-Hackathon";
			productName = "5G-Hackathon";
			productReference = F5269B7C20C0C8AA005AA428 /* 5G-Hackathon.app */;
			productType = "com.apple.product-type.application";
		};
/* End PBXNativeTarget section */

/* Begin PBXProject section */
		F5269B7420C0C8AA005AA428 /* Project object */ = {
			isa = PBXProject;
			attributes = {
				LastSwiftUpdateCheck = 0920;
				LastUpgradeCheck = 0920;
				ORGANIZATIONNAME = iOSDevStudio;
				TargetAttributes = {
					F5269B7B20C0C8AA005AA428 = {
						CreatedOnToolsVersion = 9.2;
						ProvisioningStyle = Automatic;
					};
				};
			};
			buildConfigurationList = F5269B7720C0C8AA005AA428 /* Build configuration list for PBXProject "5G-Hackathon" */;
			compatibilityVersion = "Xcode 8.0";
			developmentRegion = en;
			hasScannedForEncodings = 0;
			knownRegions = (
				en,
				Base,
			);
			mainGroup = F5269B7320C0C8AA005AA428;
			productRefGroup = F5269B7D20C0C8AA005AA428 /* Products */;
			projectDirPath = "";
			projectRoot = "";
			targets = (
				F5269B7B20C0C8AA005AA428 /* 5G-Hackathon */,
			);
		};
/* End PBXProject section */

/* Begin PBXResourcesBuildPhase section */
		F5269B7A20C0C8AA005AA428 /* Resources */ = {
			isa = PBXResourcesBuildPhase;
			buildActionMask = 2147483647;
			files = (
				F5269B8A20C0C8AA005AA428 /* LaunchScreen.storyboard in Resources */,
				F5269B8720C0C8AA005AA428 /* Assets.xcassets in Resources */,
				F5269B8520C0C8AA005AA428 /* Main.storyboard in Resources */,
			);
			runOnlyForDeploymentPostprocessing = 0;
		};
/* End PBXResourcesBuildPhase section */

/* Begin PBXSourcesBuildPhase section */
		F5269B7820C0C8AA005AA428 /* Sources */ = {
			isa = PBXSourcesBuildPhase;
			buildActionMask = 2147483647;
			files = (
				F5269B8220C0C8AA005AA428 /* ViewController.swift in Sources */,
				F5269B8020C0C8AA005AA428 /* AppDelegate.swift in Sources */,
			);
			runOnlyForDeploymentPostprocessing = 0;
		};
/* End PBXSourcesBuildPhase section */

/* Begin PBXVariantGroup section */
		F5269B8320C0C8AA005AA428 /* Main.storyboard */ = {
			isa = PBXVariantGroup;
			children = (
				F5269B8420C0C8AA005AA428 /* Base */,
			);
			name = Main.storyboard;
			sourceTree = "<group>";
		};
		F5269B8820C0C8AA005AA428 /* LaunchScreen.storyboard */ = {
			isa = PBXVariantGroup;
			children = (
				F5269B8920C0C8AA005AA428 /* Base */,
			);
			name = LaunchScreen.storyboard;
			sourceTree = "<group>";
		};
/* End PBXVariantGroup section */

/* Begin XCBuildConfiguration section */
		F5269B8C20C0C8AA005AA428 /* Debug */ = {
			isa = XCBuildConfiguration;
			buildSettings = {
				ALWAYS_SEARCH_USER_PATHS = NO;
				CLANG_ANALYZER_NONNULL = YES;
				CLANG_ANALYZER_NUMBER_OBJECT_CONVERSION = YES_AGGRESSIVE;
				CLANG_CXX_LANGUAGE_STANDARD = "gnu++14";
				CLANG_CXX_LIBRARY = "libc++";
				CLANG_ENABLE_MODULES = YES;
				CLANG_ENABLE_OBJC_ARC = YES;
				CLANG_WARN_BLOCK_CAPTURE_AUTORELEASING = YES;
				CLANG_WARN_BOOL_CONVERSION = YES;
				CLANG_WARN_COMMA = YES;
				CLANG_WARN_CONSTANT_CONVERSION = YES;
				CLANG_WARN_DIRECT_OBJC_ISA_USAGE = YES_ERROR;
				CLANG_WARN_DOCUMENTATION_COMMENTS = YES;
				CLANG_WARN_EMPTY_BODY = YES;
				CLANG_WARN_ENUM_CONVERSION = YES;
				CLANG_WARN_INFINITE_RECURSION = YES;
				CLANG_WARN_INT_CONVERSION = YES;
				CLANG_WARN_NON_LITERAL_NULL_CONVERSION = YES;
				CLANG_WARN_OBJC_LITERAL_CONVERSION = YES;
				CLANG_WARN_OBJC_ROOT_CLASS = YES_ERROR;
				CLANG_WARN_RANGE_LOOP_ANALYSIS = YES;
				CLANG_WARN_STRICT_PROTOTYPES = YES;
				CLANG_WARN_SUSPICIOUS_MOVE = YES;
				CLANG_WARN_UNGUARDED_AVAILABILITY = YES_AGGRESSIVE;
				CLANG_WARN_UNREACHABLE_CODE = YES;
				CLANG_WARN__DUPLICATE_METHOD_MATCH = YES;
				CODE_SIGN_IDENTITY = "iPhone Developer";
				COPY_PHASE_STRIP = NO;
				DEBUG_INFORMATION_FORMAT = dwarf;
				ENABLE_STRICT_OBJC_MSGSEND = YES;
				ENABLE_TESTABILITY = YES;
				GCC_C_LANGUAGE_STANDARD = gnu11;
				GCC_DYNAMIC_NO_PIC = NO;
				GCC_NO_COMMON_BLOCKS = YES;
				GCC_OPTIMIZATION_LEVEL = 0;
				GCC_PREPROCESSOR_DEFINITIONS = (
					"DEBUG=1",
					"$(inherited)",
				);
				GCC_WARN_64_TO_32_BIT_CONVERSION = YES;
				GCC_WARN_ABOUT_RETURN_TYPE = YES_ERROR;
				GCC_WARN_UNDECLARED_SELECTOR = YES;
				GCC_WARN_UNINITIALIZED_AUTOS = YES_AGGRESSIVE;
				GCC_WARN_UNUSED_FUNCTION = YES;
				GCC_WARN_UNUSED_VARIABLE = YES;
				IPHONEOS_DEPLOYMENT_TARGET = 11.2;
				MTL_ENABLE_DEBUG_INFO = YES;
				ONLY_ACTIVE_ARCH = YES;
				SDKROOT = iphoneos;
				SWIFT_ACTIVE_COMPILATION_CONDITIONS = DEBUG;
				SWIFT_OPTIMIZATION_LEVEL = "-Onone";
			};
			name = Debug;
		};
		F5269B8D20C0C8AA005AA428 /* Release */ = {
			isa = XCBuildConfiguration;
			buildSettings = {
				ALWAYS_SEARCH_USER_PATHS = NO;
				CLANG_ANALYZER_NONNULL = YES;
				CLANG_ANALYZER_NUMBER_OBJECT_CONVERSION = YES_AGGRESSIVE;
				CLANG_CXX_LANGUAGE_STANDARD = "gnu++14";
				CLANG_CXX_LIBRARY = "libc++";
				CLANG_ENABLE_MODULES = YES;
				CLANG_ENABLE_OBJC_ARC = YES;
				CLANG_WARN_BLOCK_CAPTURE_AUTORELEASING = YES;
				CLANG_WARN_BOOL_CONVERSION = YES;
				CLANG_WARN_COMMA = YES;
				CLANG_WARN_CONSTANT_CONVERSION = YES;
				CLANG_WARN_DIRECT_OBJC_ISA_USAGE = YES_ERROR;
				CLANG_WARN_DOCUMENTATION_COMMENTS = YES;
				CLANG_WARN_EMPTY_BODY = YES;
				CLANG_WARN_ENUM_CONVERSION = YES;
				CLANG_WARN_INFINITE_RECURSION = YES;
				CLANG_WARN_INT_CONVERSION = YES;
				CLANG_WARN_NON_LITERAL_NULL_CONVERSION = YES;
				CLANG_WARN_OBJC_LITERAL_CONVERSION = YES;
				CLANG_WARN_OBJC_ROOT_CLASS = YES_ERROR;
				CLANG_WARN_RANGE_LOOP_ANALYSIS = YES;
				CLANG_WARN_STRICT_PROTOTYPES = YES;
				CLANG_WARN_SUSPICIOUS_MOVE = YES;
				CLANG_WARN_UNGUARDED_AVAILABILITY = YES_AGGRESSIVE;
				CLANG_WARN_UNREACHABLE_CODE = YES;
				CLANG_WARN__DUPLICATE_METHOD_MATCH = YES;
				CODE_SIGN_IDENTITY = "iPhone Developer";
				COPY_PHASE_STRIP = NO;
				DEBUG_INFORMATION_FORMAT = "dwarf-with-dsym";
				ENABLE_NS_ASSERTIONS = NO;
				ENABLE_STRICT_OBJC_MSGSEND = YES;
				GCC_C_LANGUAGE_STANDARD = gnu11;
				GCC_NO_COMMON_BLOCKS = YES;
				GCC_WARN_64_TO_32_BIT_CONVERSION = YES;
				GCC_WARN_ABOUT_RETURN_TYPE = YES_ERROR;
				GCC_WARN_UNDECLARED_SELECTOR = YES;
				GCC_WARN_UNINITIALIZED_AUTOS = YES_AGGRESSIVE;
				GCC_WARN_UNUSED_FUNCTION = YES;
				GCC_WARN_UNUSED_VARIABLE = YES;
				IPHONEOS_DEPLOYMENT_TARGET = 11.2;
				MTL_ENABLE_DEBUG_INFO = NO;
				SDKROOT = iphoneos;
				SWIFT_OPTIMIZATION_LEVEL = "-Owholemodule";
				VALIDATE_PRODUCT = YES;
			};
			name = Release;
		};
		F5269B8F20C0C8AA005AA428 /* Debug */ = {
			isa = XCBuildConfiguration;
			buildSettings = {
				ASSETCATALOG_COMPILER_APPICON_NAME = AppIcon;
				CODE_SIGN_STYLE = Automatic;
				DEVELOPMENT_TEAM = L5MEY32333;
				INFOPLIST_FILE = "5G-Hackathon/Info.plist";
				LD_RUNPATH_SEARCH_PATHS = "$(inherited) @executable_path/Frameworks";
				PRODUCT_BUNDLE_IDENTIFIER = "com.iosdevstudio.5G-Hackathon";
				PRODUCT_NAME = "$(TARGET_NAME)";
				SWIFT_VERSION = 4.0;
				TARGETED_DEVICE_FAMILY = "1,2";
			};
			name = Debug;
		};
		F5269B9020C0C8AA005AA428 /* Release */ = {
			isa = XCBuildConfiguration;
			buildSettings = {
				ASSETCATALOG_COMPILER_APPICON_NAME = AppIcon;
				CODE_SIGN_STYLE = Automatic;
				DEVELOPMENT_TEAM = L5MEY32333;
				INFOPLIST_FILE = "5G-Hackathon/Info.plist";
				LD_RUNPATH_SEARCH_PATHS = "$(inherited) @executable_path/Frameworks";
				PRODUCT_BUNDLE_IDENTIFIER = "com.iosdevstudio.5G-Hackathon";
				PRODUCT_NAME = "$(TARGET_NAME)";
				SWIFT_VERSION = 4.0;
				TARGETED_DEVICE_FAMILY = "1,2";
			};
			name = Release;
		};
/* End XCBuildConfiguration section */

/* Begin XCConfigurationList section */
		F5269B7720C0C8AA005AA428 /* Build configuration list for PBXProject "5G-Hackathon" */ = {
			isa = XCConfigurationList;
			buildConfigurations = (
				F5269B8C20C0C8AA005AA428 /* Debug */,
				F5269B8D20C0C8AA005AA428 /* Release */,
			);
			defaultConfigurationIsVisible = 0;
			defaultConfigurationName = Release;
		};
		F5269B8E20C0C8AA005AA428 /* Build configuration list for PBXNativeTarget "5G-Hackathon" */ = {
			isa = XCConfigurationList;
			buildConfigurations = (
				F5269B8F20C0C8AA005AA428 /* Debug */,
				F5269B9020C0C8AA005AA428 /* Release */,
			);
			defaultConfigurationIsVisible = 0;
			defaultConfigurationName = Release;
		};
/* End XCConfigurationList section */
	};
	rootObject = F5269B7420C0C8AA005AA428 /* Project object */;
}
